{
  "name": "@ddu6/cfr",
  "version": "0.0.5",
  "lockfileVersion": 2,
  "requires": true,
  "packages": {
    "": {
      "name": "@ddu6/cfr",
      "version": "0.0.5",
      "license": "MIT",
      "dependencies": {
        "@ddu6/stc": "^0.2.23"
      },
      "engines": {
        "node": ">=14.0.0",
        "npm": ">=8.0.0"
      }
    },
    "node_modules/@ddu6/stc": {
      "version": "0.2.23",
      "resolved": "https://registry.npmjs.org/@ddu6/stc/-/stc-0.2.23.tgz",
      "integrity": "sha512-H6zoko10v47Sl3qBR65wwPOustrEImyR5FhQX5Avgu4TDCguByBfit/gNqI8B/NfbN/ABuiARMMw7EBuwPBVDA==",
      "dependencies": {
        "stce": "^0.0.7",
        "stdn": "^0.2.3",
        "ston": "^0.2.2"
      },
      "engines": {
        "node": ">=14.0.0",
        "npm": ">=8.0.0"
      }
    },
    "node_modules/stce": {
      "version": "0.0.7",
      "resolved": "https://registry.npmjs.org/stce/-/stce-0.0.7.tgz",
      "integrity": "sha512-lS8tpUucnYSDWNhzu+0QqxGCjXDXdwT8G7C3y/Hgf6+xqHgFP1RKnZzK/rFjrrK2nbiurUfYzNwGZtH9+hRb6w==",
      "engines": {
        "node": ">=14.0.0",
        "npm": ">=8.0.0"
      }
    },
    "node_modules/stdn": {
      "version": "0.2.3",
      "resolved": "https://registry.npmjs.org/stdn/-/stdn-0.2.3.tgz",
      "integrity": "sha512-GnXgWv9dP5w/Ndzh/WSpz6bFpDpRNfAD99opzXrZH/DDoMwvfxebhqA1dse0Wq9wJZWfKKIRIRqo1OqKlqzChQ==",
      "dependencies": {
        "ston": "^0.2.2"
      },
      "engines": {
        "node": ">=14.0.0",
        "npm": ">=8.0.0"
      }
    },
    "node_modules/ston": {
      "version": "0.2.2",
      "resolved": "https://registry.npmjs.org/ston/-/ston-0.2.2.tgz",
      "integrity": "sha512-YosEWXLwyHP2DsK0+xQLRHX9yb3W3/LpEIUgkzj25bxAn8B9BOQNsLo/fvY4LNCk2t+8upSLtIZbFjJ7JmiTeA==",
      "engines": {
        "node": ">=14.0.0",
        "npm": ">=8.0.0"
      }
    }
  },
  "dependencies": {
    "@ddu6/stc": {
      "version": "0.2.23",
      "resolved": "https://registry.npmjs.org/@ddu6/stc/-/stc-0.2.23.tgz",
      "integrity": "sha512-H6zoko10v47Sl3qBR65wwPOustrEImyR5FhQX5Avgu4TDCguByBfit/gNqI8B/NfbN/ABuiARMMw7EBuwPBVDA==",
      "requires": {
        "stce": "^0.0.7",
        "stdn": "^0.2.3",
        "ston": "^0.2.2"
      }
    },
    "stce": {
      "version": "0.0.7",
      "resolved": "https://registry.npmjs.org/stce/-/stce-0.0.7.tgz",
      "integrity": "sha512-lS8tpUucnYSDWNhzu+0QqxGCjXDXdwT8G7C3y/Hgf6+xqHgFP1RKnZzK/rFjrrK2nbiurUfYzNwGZtH9+hRb6w=="
    },
    "stdn": {
      "version": "0.2.3",
      "resolved": "https://registry.npmjs.org/stdn/-/stdn-0.2.3.tgz",
      "integrity": "sha512-GnXgWv9dP5w/Ndzh/WSpz6bFpDpRNfAD99opzXrZH/DDoMwvfxebhqA1dse0Wq9wJZWfKKIRIRqo1OqKlqzChQ==",
      "requires": {
        "ston": "^0.2.2"
      }
    },
    "ston": {
      "version": "0.2.2",
      "resolved": "https://registry.npmjs.org/ston/-/ston-0.2.2.tgz",
      "integrity": "sha512-YosEWXLwyHP2DsK0+xQLRHX9yb3W3/LpEIUgkzj25bxAn8B9BOQNsLo/fvY4LNCk2t+8upSLtIZbFjJ7JmiTeA=="
    }
  }
}
