{
  "name": "@ddu6/cfr",
  "version": "0.0.7",
  "lockfileVersion": 2,
  "requires": true,
  "packages": {
    "": {
      "name": "@ddu6/cfr",
      "version": "0.0.7",
      "license": "MIT",
      "dependencies": {
        "@ddu6/stc": "^0.3.12"
      },
      "engines": {
        "node": ">=14.0.0",
        "npm": ">=8.0.0"
      }
    },
    "node_modules/@ddu6/stc": {
      "version": "0.3.12",
      "resolved": "https://registry.npmjs.org/@ddu6/stc/-/stc-0.3.12.tgz",
      "integrity": "sha512-DGF7sjg46ZFTKeW0nJxF+4drEDqBz3lF/WFweoJd3uyLHQSjQ0H9K4nLqX6y5uzfvQzrcq+OPJ73CrDB8YxoGw==",
      "dependencies": {
        "stce": "^0.0.8",
        "stdn": "^0.2.5",
        "ston": "^0.2.3"
      },
      "engines": {
        "node": ">=14.0.0",
        "npm": ">=8.0.0"
      }
    },
    "node_modules/stce": {
      "version": "0.0.8",
      "resolved": "https://registry.npmjs.org/stce/-/stce-0.0.8.tgz",
      "integrity": "sha512-8owR3qJa63j5ndCmD9Dm/m/PXCTHCBbdZTcdZc2qQgqJYdWMTkmbZFYg/FpJXc1nfT3t82emEwnquN9DXdJXvg==",
      "engines": {
        "node": ">=14.0.0",
        "npm": ">=8.0.0"
      }
    },
    "node_modules/stdn": {
      "version": "0.2.5",
      "resolved": "https://registry.npmjs.org/stdn/-/stdn-0.2.5.tgz",
      "integrity": "sha512-EFGICHfxx+mrfkPmIbDOZmWtUkmGAz77p/9BMlSbqvqTvKw9CAty1kGvVxdWIE27HCZNHAI03UrC1bHBnbUprA==",
      "dependencies": {
        "ston": "^0.2.3"
      },
      "engines": {
        "node": ">=14.0.0",
        "npm": ">=8.0.0"
      }
    },
    "node_modules/ston": {
      "version": "0.2.3",
      "resolved": "https://registry.npmjs.org/ston/-/ston-0.2.3.tgz",
      "integrity": "sha512-UZryEHTTCML/0PbEusPy7DfsSlyzlLKdgVqkp/0GHmqKuPmpEy6DhK6oa3/wRnH5x9LOUYtfDZY8tI0V1D2HeQ==",
      "engines": {
        "node": ">=14.0.0",
        "npm": ">=8.0.0"
      }
    }
  },
  "dependencies": {
    "@ddu6/stc": {
      "version": "0.3.12",
      "resolved": "https://registry.npmjs.org/@ddu6/stc/-/stc-0.3.12.tgz",
      "integrity": "sha512-DGF7sjg46ZFTKeW0nJxF+4drEDqBz3lF/WFweoJd3uyLHQSjQ0H9K4nLqX6y5uzfvQzrcq+OPJ73CrDB8YxoGw==",
      "requires": {
        "stce": "^0.0.8",
        "stdn": "^0.2.5",
        "ston": "^0.2.3"
      }
    },
    "stce": {
      "version": "0.0.8",
      "resolved": "https://registry.npmjs.org/stce/-/stce-0.0.8.tgz",
      "integrity": "sha512-8owR3qJa63j5ndCmD9Dm/m/PXCTHCBbdZTcdZc2qQgqJYdWMTkmbZFYg/FpJXc1nfT3t82emEwnquN9DXdJXvg=="
    },
    "stdn": {
      "version": "0.2.5",
      "resolved": "https://registry.npmjs.org/stdn/-/stdn-0.2.5.tgz",
      "integrity": "sha512-EFGICHfxx+mrfkPmIbDOZmWtUkmGAz77p/9BMlSbqvqTvKw9CAty1kGvVxdWIE27HCZNHAI03UrC1bHBnbUprA==",
      "requires": {
        "ston": "^0.2.3"
      }
    },
    "ston": {
      "version": "0.2.3",
      "resolved": "https://registry.npmjs.org/ston/-/ston-0.2.3.tgz",
      "integrity": "sha512-UZryEHTTCML/0PbEusPy7DfsSlyzlLKdgVqkp/0GHmqKuPmpEy6DhK6oa3/wRnH5x9LOUYtfDZY8tI0V1D2HeQ=="
    }
  }
}
